# THIS IS AN AUTOGENERATED FILE. DO NOT EDIT THIS FILE DIRECTLY.
# yarn lockfile v1


"@emoji-mart/react@file:D:\\Projects\\emoji-april\\packages\\emoji-mart-react":
  version "1.1.1"
  resolved "file:packages/emoji-mart-react"

"@types/emoji-mart@5.3.0":
  version "5.3.0"
  resolved "https://registry.npmjs.org/@types/emoji-mart/-/emoji-mart-5.3.0.tgz"
  integrity sha512-H1fl4YVSqJERHbn1ZhTgzb/iqha8QcJANvYXI8S1CpDYn82Kq4LdkKgR20OCxe9324XoMGuvSP8HsSU633/e4g==
  dependencies:
    emoji-mart "*"

"@types/react@19.2.8":
  version "19.2.8"
  resolved "https://registry.npmjs.org/@types/react/-/react-19.2.8.tgz"
  integrity sha512-3MbSL37jEchWZz2p2mjntRZtPt837ij10ApxKfgmXCTuHWagYg7iA5bqPw6C8BMPfwidlvfPI/fxOc42HLhcyg==
  dependencies:
    csstype "^3.2.2"

csstype@^3.2.2:
  version "3.2.3"
  resolved "https://registry.npmjs.org/csstype/-/csstype-3.2.3.tgz"
  integrity sha512-z1HGKcYy2xA8AGQfwrn0PAy+PB7X/GSj3UVJW9qKyn43xWa+gl5nXmU4qqLMRzWVLFC8KusUX8T/0kCiOYpAIQ==

emoji-mart@*, emoji-mart@^5.2, "emoji-mart@file:D:\\Projects\\emoji-april\\packages\\emoji-mart":
  version "5.6.0"
  resolved "file:packages/emoji-mart"

preact@10.6.4:
  version "10.6.4"
  resolved "https://registry.npmjs.org/preact/-/preact-10.6.4.tgz"
  integrity sha512-WyosM7pxGcndU8hY0OQlLd54tOU+qmG45QXj2dAYrL11HoyU/EzOSTlpJsirbBr1QW7lICxSsVJJmcmUglovHQ==

react@19.2.3:
  version "19.2.3"
  resolved "https://registry.npmjs.org/react/-/react-19.2.3.tgz"
  integrity sha512-Ku/hhYbVjOQnXDZFv2+RibmLFGwFdeeKHFcOTlrt7xplBnya5OGn/hIRDsqDiSUcfORsDC7MPxwork8jBwsIWA==
